PODS:
  - Dip (7.0.1)
  - KVOController (1.2.0)
  - Realm (3.13.1):
    - Realm/Headers (= 3.13.1)
  - Realm/Headers (3.13.1)
  - RealmSwift (3.13.1):
    - Realm (= 3.13.1)
  - RTMVVM (0.1.4):
    - Dip (~> 7.0.1)
    - RealmSwift (~> 3.13.1)

DEPENDENCIES:
  - KVOController (= 1.2.0)
  - RTMVVM (from `../`)

SPEC REPOS:
  https://github.com/cocoapods/specs.git:
    - Dip
    - KVOController
    - Realm
    - RealmSwift

EXTERNAL SOURCES:
  RTMVVM:
    :path: "../"

SPEC CHECKSUMS:
  Dip: 79509d5dc4f648e10e922ed79c608a7761c52b13
  KVOController: d72ace34afea42468329623b3379ab3cd1d286b6
  Realm: 50071da38fe079e0735e47c9f2eae738c68c5996
  RealmSwift: 8a1e6a02b7a08cd17a31e3115143fb69fe5f3fb9
  RTMVVM: 1987779b3d76aababfd88594ea25e56511b41c72

PODFILE CHECKSUM: 6514ae902d34fa02f7e72b766c792159efbf5c47

COCOAPODS: 1.5.3
