// !$*UTF8*$!
{
	archiveVersion = 1;
	classes = {
	};
	objectVersion = 46;
	objects = {

/* Begin PBXBuildFile section */
		EB01CD3E21F88981006D91BD /* TestEntityObject.swift in Sources */ = {isa = PBXBuildFile; fileRef = EB01CD3D21F88981006D91BD /* TestEntityObject.swift */; };
		EB01CD4021F8898C006D91BD /* TestEntityViewModel.swift in Sources */ = {isa = PBXBuildFile; fileRef = EB01CD3F21F8898C006D91BD /* TestEntityViewModel.swift */; };
		EB01CD4421F89850006D91BD /* TestViewModelListFactory.swift in Sources */ = {isa = PBXBuildFile; fileRef = EB01CD4321F89850006D91BD /* TestViewModelListFactory.swift */; };
		EB01CD4621F8A0A2006D91BD /* TestEntityViewController.swift in Sources */ = {isa = PBXBuildFile; fileRef = EB01CD4521F8A0A2006D91BD /* TestEntityViewController.swift */; };
		EB01CD4821F9BB6F006D91BD /* UserEntityItemController.swift in Sources */ = {isa = PBXBuildFile; fileRef = EB01CD4721F9BB6F006D91BD /* UserEntityItemController.swift */; };
		EB01CD4E21F9C5B3006D91BD /* UserEntityObject.swift in Sources */ = {isa = PBXBuildFile; fileRef = EB01CD4D21F9C5B3006D91BD /* UserEntityObject.swift */; };
		EB01CD5221F9DC17006D91BD /* UserEntityViewModel.swift in Sources */ = {isa = PBXBuildFile; fileRef = EB01CD5121F9DC17006D91BD /* UserEntityViewModel.swift */; };
		EB01CD5421F9DC4D006D91BD /* UserViewModelFactory.swift in Sources */ = {isa = PBXBuildFile; fileRef = EB01CD5321F9DC4D006D91BD /* UserViewModelFactory.swift */; };
		EB05A88921FB0BF600D6882D /* AssemblyContainer.swift in Sources */ = {isa = PBXBuildFile; fileRef = EB05A88821FB0BF600D6882D /* AssemblyContainer.swift */; };
		EBB27A4521F88571008BE752 /* AppDelegate.swift in Sources */ = {isa = PBXBuildFile; fileRef = EBB27A4421F88571008BE752 /* AppDelegate.swift */; };
		EBB27A4A21F88571008BE752 /* Main.storyboard in Resources */ = {isa = PBXBuildFile; fileRef = EBB27A4821F88571008BE752 /* Main.storyboard */; };
		EBB27A4C21F88572008BE752 /* Assets.xcassets in Resources */ = {isa = PBXBuildFile; fileRef = EBB27A4B21F88572008BE752 /* Assets.xcassets */; };
		EBB27A4F21F88572008BE752 /* LaunchScreen.storyboard in Resources */ = {isa = PBXBuildFile; fileRef = EBB27A4D21F88572008BE752 /* LaunchScreen.storyboard */; };
		F5BBF7E9B882929B8204D1D4 /* Pods_RTMVVM_Example.framework in Frameworks */ = {isa = PBXBuildFile; fileRef = FD7B867FD0FC2F4C3E2B454B /* Pods_RTMVVM_Example.framework */; };
/* End PBXBuildFile section */

/* Begin PBXFileReference section */
		2052BA9ED3E2667B3CEE8902 /* Pods-RTMVVM-Example.release.xcconfig */ = {isa = PBXFileReference; includeInIndex = 1; lastKnownFileType = text.xcconfig; name = "Pods-RTMVVM-Example.release.xcconfig"; path = "Pods/Target Support Files/Pods-RTMVVM-Example/Pods-RTMVVM-Example.release.xcconfig"; sourceTree = "<group>"; };
		3A612BC99B7AB22277BB039F /* README.md */ = {isa = PBXFileReference; includeInIndex = 1; lastKnownFileType = net.daringfireball.markdown; name = README.md; path = ../README.md; sourceTree = "<group>"; };
		6AE9E3BDB24FA535A7032A2F /* RTMVVM.podspec */ = {isa = PBXFileReference; includeInIndex = 1; lastKnownFileType = text; name = RTMVVM.podspec; path = ../RTMVVM.podspec; sourceTree = "<group>"; xcLanguageSpecificationIdentifier = xcode.lang.ruby; };
		8B4D0D9C0F2B19EFD206360B /* Pods-RTMVVM.debug.xcconfig */ = {isa = PBXFileReference; includeInIndex = 1; lastKnownFileType = text.xcconfig; name = "Pods-RTMVVM.debug.xcconfig"; path = "Pods/Target Support Files/Pods-RTMVVM/Pods-RTMVVM.debug.xcconfig"; sourceTree = "<group>"; };
		91C4BF7B48F241A60FD8A241 /* Pods_RTMVVM.framework */ = {isa = PBXFileReference; explicitFileType = wrapper.framework; includeInIndex = 0; path = Pods_RTMVVM.framework; sourceTree = BUILT_PRODUCTS_DIR; };
		99BACECCEFB6D85BB4BB7FEC /* LICENSE */ = {isa = PBXFileReference; includeInIndex = 1; lastKnownFileType = text; name = LICENSE; path = ../LICENSE; sourceTree = "<group>"; };
		C584310F61963400D692B5EA /* Pods-RTMVVM.release.xcconfig */ = {isa = PBXFileReference; includeInIndex = 1; lastKnownFileType = text.xcconfig; name = "Pods-RTMVVM.release.xcconfig"; path = "Pods/Target Support Files/Pods-RTMVVM/Pods-RTMVVM.release.xcconfig"; sourceTree = "<group>"; };
		C9763BE0FFE8C48442280D9A /* Pods-RTMVVM-Example.debug.xcconfig */ = {isa = PBXFileReference; includeInIndex = 1; lastKnownFileType = text.xcconfig; name = "Pods-RTMVVM-Example.debug.xcconfig"; path = "Pods/Target Support Files/Pods-RTMVVM-Example/Pods-RTMVVM-Example.debug.xcconfig"; sourceTree = "<group>"; };
		D9A424B8E255DB7AE54C8C08 /* Pods_RTMVVM_Tests.framework */ = {isa = PBXFileReference; explicitFileType = wrapper.framework; includeInIndex = 0; path = Pods_RTMVVM_Tests.framework; sourceTree = BUILT_PRODUCTS_DIR; };
		EB01CD3D21F88981006D91BD /* TestEntityObject.swift */ = {isa = PBXFileReference; fileEncoding = 4; lastKnownFileType = sourcecode.swift; path = TestEntityObject.swift; sourceTree = "<group>"; };
		EB01CD3F21F8898C006D91BD /* TestEntityViewModel.swift */ = {isa = PBXFileReference; lastKnownFileType = sourcecode.swift; path = TestEntityViewModel.swift; sourceTree = "<group>"; };
		EB01CD4321F89850006D91BD /* TestViewModelListFactory.swift */ = {isa = PBXFileReference; lastKnownFileType = sourcecode.swift; path = TestViewModelListFactory.swift; sourceTree = "<group>"; };
		EB01CD4521F8A0A2006D91BD /* TestEntityViewController.swift */ = {isa = PBXFileReference; lastKnownFileType = sourcecode.swift; path = TestEntityViewController.swift; sourceTree = "<group>"; };
		EB01CD4721F9BB6F006D91BD /* UserEntityItemController.swift */ = {isa = PBXFileReference; lastKnownFileType = sourcecode.swift; path = UserEntityItemController.swift; sourceTree = "<group>"; };
		EB01CD4D21F9C5B3006D91BD /* UserEntityObject.swift */ = {isa = PBXFileReference; lastKnownFileType = sourcecode.swift; path = UserEntityObject.swift; sourceTree = "<group>"; };
		EB01CD5121F9DC17006D91BD /* UserEntityViewModel.swift */ = {isa = PBXFileReference; lastKnownFileType = sourcecode.swift; path = UserEntityViewModel.swift; sourceTree = "<group>"; };
		EB01CD5321F9DC4D006D91BD /* UserViewModelFactory.swift */ = {isa = PBXFileReference; lastKnownFileType = sourcecode.swift; path = UserViewModelFactory.swift; sourceTree = "<group>"; };
		EB05A88821FB0BF600D6882D /* AssemblyContainer.swift */ = {isa = PBXFileReference; lastKnownFileType = sourcecode.swift; path = AssemblyContainer.swift; sourceTree = "<group>"; };
		EBB27A4221F88571008BE752 /* RTMVVM-Example.app */ = {isa = PBXFileReference; explicitFileType = wrapper.application; includeInIndex = 0; path = "RTMVVM-Example.app"; sourceTree = BUILT_PRODUCTS_DIR; };
		EBB27A4421F88571008BE752 /* AppDelegate.swift */ = {isa = PBXFileReference; lastKnownFileType = sourcecode.swift; path = AppDelegate.swift; sourceTree = "<group>"; };
		EBB27A4921F88571008BE752 /* Base */ = {isa = PBXFileReference; lastKnownFileType = file.storyboard; name = Base; path = Base.lproj/Main.storyboard; sourceTree = "<group>"; };
		EBB27A4B21F88572008BE752 /* Assets.xcassets */ = {isa = PBXFileReference; lastKnownFileType = folder.assetcatalog; path = Assets.xcassets; sourceTree = "<group>"; };
		EBB27A4E21F88572008BE752 /* Base */ = {isa = PBXFileReference; lastKnownFileType = file.storyboard; name = Base; path = Base.lproj/LaunchScreen.storyboard; sourceTree = "<group>"; };
		EBB27A5021F88572008BE752 /* Info.plist */ = {isa = PBXFileReference; lastKnownFileType = text.plist.xml; path = Info.plist; sourceTree = "<group>"; };
		FD7B867FD0FC2F4C3E2B454B /* Pods_RTMVVM_Example.framework */ = {isa = PBXFileReference; explicitFileType = wrapper.framework; includeInIndex = 0; path = Pods_RTMVVM_Example.framework; sourceTree = BUILT_PRODUCTS_DIR; };
/* End PBXFileReference section */

/* Begin PBXFrameworksBuildPhase section */
		EBB27A3F21F88571008BE752 /* Frameworks */ = {
			isa = PBXFrameworksBuildPhase;
			buildActionMask = 2147483647;
			files = (
				F5BBF7E9B882929B8204D1D4 /* Pods_RTMVVM_Example.framework in Frameworks */,
			);
			runOnlyForDeploymentPostprocessing = 0;
		};
/* End PBXFrameworksBuildPhase section */

/* Begin PBXGroup section */
		1ABD87DE10EDA2CCA0494164 /* Pods */ = {
			isa = PBXGroup;
			children = (
				8B4D0D9C0F2B19EFD206360B /* Pods-RTMVVM.debug.xcconfig */,
				C584310F61963400D692B5EA /* Pods-RTMVVM.release.xcconfig */,
				C9763BE0FFE8C48442280D9A /* Pods-RTMVVM-Example.debug.xcconfig */,
				2052BA9ED3E2667B3CEE8902 /* Pods-RTMVVM-Example.release.xcconfig */,
			);
			name = Pods;
			sourceTree = "<group>";
		};
		607FACC71AFB9204008FA782 = {
			isa = PBXGroup;
			children = (
				607FACF51AFB993E008FA782 /* Podspec Metadata */,
				EBB27A4321F88571008BE752 /* rtmvvm */,
				607FACD11AFB9204008FA782 /* Products */,
				1ABD87DE10EDA2CCA0494164 /* Pods */,
				FFD1F6A84A2B07A956EE65B3 /* Frameworks */,
			);
			sourceTree = "<group>";
		};
		607FACD11AFB9204008FA782 /* Products */ = {
			isa = PBXGroup;
			children = (
				EBB27A4221F88571008BE752 /* RTMVVM-Example.app */,
			);
			name = Products;
			sourceTree = "<group>";
		};
		607FACF51AFB993E008FA782 /* Podspec Metadata */ = {
			isa = PBXGroup;
			children = (
				6AE9E3BDB24FA535A7032A2F /* RTMVVM.podspec */,
				3A612BC99B7AB22277BB039F /* README.md */,
				99BACECCEFB6D85BB4BB7FEC /* LICENSE */,
			);
			name = "Podspec Metadata";
			sourceTree = "<group>";
		};
		EB01CD4F21F9C5D7006D91BD /* User */ = {
			isa = PBXGroup;
			children = (
				EB01CD4D21F9C5B3006D91BD /* UserEntityObject.swift */,
				EB01CD4721F9BB6F006D91BD /* UserEntityItemController.swift */,
				EB01CD5121F9DC17006D91BD /* UserEntityViewModel.swift */,
				EB01CD5321F9DC4D006D91BD /* UserViewModelFactory.swift */,
			);
			path = User;
			sourceTree = "<group>";
		};
		EB01CD5021F9C5DD006D91BD /* Test */ = {
			isa = PBXGroup;
			children = (
				EB01CD3F21F8898C006D91BD /* TestEntityViewModel.swift */,
				EB01CD3D21F88981006D91BD /* TestEntityObject.swift */,
				EB01CD4521F8A0A2006D91BD /* TestEntityViewController.swift */,
				EB01CD4321F89850006D91BD /* TestViewModelListFactory.swift */,
			);
			path = Test;
			sourceTree = "<group>";
		};
		EBB27A4321F88571008BE752 /* rtmvvm */ = {
			isa = PBXGroup;
			children = (
				EB01CD5021F9C5DD006D91BD /* Test */,
				EB01CD4F21F9C5D7006D91BD /* User */,
				EBB27A4421F88571008BE752 /* AppDelegate.swift */,
				EBB27A4821F88571008BE752 /* Main.storyboard */,
				EBB27A4B21F88572008BE752 /* Assets.xcassets */,
				EBB27A4D21F88572008BE752 /* LaunchScreen.storyboard */,
				EBB27A5021F88572008BE752 /* Info.plist */,
				EB05A88821FB0BF600D6882D /* AssemblyContainer.swift */,
			);
			path = rtmvvm;
			sourceTree = "<group>";
		};
		FFD1F6A84A2B07A956EE65B3 /* Frameworks */ = {
			isa = PBXGroup;
			children = (
				D9A424B8E255DB7AE54C8C08 /* Pods_RTMVVM_Tests.framework */,
				91C4BF7B48F241A60FD8A241 /* Pods_RTMVVM.framework */,
				FD7B867FD0FC2F4C3E2B454B /* Pods_RTMVVM_Example.framework */,
			);
			name = Frameworks;
			sourceTree = "<group>";
		};
/* End PBXGroup section */

/* Begin PBXNativeTarget section */
		EBB27A4121F88571008BE752 /* RTMVVM-Example */ = {
			isa = PBXNativeTarget;
			buildConfigurationList = EBB27A5121F88572008BE752 /* Build configuration list for PBXNativeTarget "RTMVVM-Example" */;
			buildPhases = (
				129298BA4DECD53E2F2119E6 /* [CP] Check Pods Manifest.lock */,
				EBB27A3E21F88571008BE752 /* Sources */,
				EBB27A3F21F88571008BE752 /* Frameworks */,
				EBB27A4021F88571008BE752 /* Resources */,
				2A1465E1BF24E29F1F7F5E69 /* [CP] Embed Pods Frameworks */,
			);
			buildRules = (
			);
			dependencies = (
			);
			name = "RTMVVM-Example";
			productName = rtmvvm;
			productReference = EBB27A4221F88571008BE752 /* RTMVVM-Example.app */;
			productType = "com.apple.product-type.application";
		};
/* End PBXNativeTarget section */

/* Begin PBXProject section */
		607FACC81AFB9204008FA782 /* Project object */ = {
			isa = PBXProject;
			attributes = {
				LastSwiftUpdateCheck = 1010;
				LastUpgradeCheck = 1020;
				ORGANIZATIONNAME = CocoaPods;
				TargetAttributes = {
					EBB27A4121F88571008BE752 = {
						CreatedOnToolsVersion = 10.1;
						LastSwiftMigration = 1020;
						ProvisioningStyle = Automatic;
					};
				};
			};
			buildConfigurationList = 607FACCB1AFB9204008FA782 /* Build configuration list for PBXProject "RTMVVM-Example" */;
			compatibilityVersion = "Xcode 3.2";
			developmentRegion = English;
			hasScannedForEncodings = 0;
			knownRegions = (
				English,
				en,
				Base,
			);
			mainGroup = 607FACC71AFB9204008FA782;
			productRefGroup = 607FACD11AFB9204008FA782 /* Products */;
			projectDirPath = "";
			projectRoot = "";
			targets = (
				EBB27A4121F88571008BE752 /* RTMVVM-Example */,
			);
		};
/* End PBXProject section */

/* Begin PBXResourcesBuildPhase section */
		EBB27A4021F88571008BE752 /* Resources */ = {
			isa = PBXResourcesBuildPhase;
			buildActionMask = 2147483647;
			files = (
				EBB27A4F21F88572008BE752 /* LaunchScreen.storyboard in Resources */,
				EBB27A4C21F88572008BE752 /* Assets.xcassets in Resources */,
				EBB27A4A21F88571008BE752 /* Main.storyboard in Resources */,
			);
			runOnlyForDeploymentPostprocessing = 0;
		};
/* End PBXResourcesBuildPhase section */

/* Begin PBXShellScriptBuildPhase section */
		129298BA4DECD53E2F2119E6 /* [CP] Check Pods Manifest.lock */ = {
			isa = PBXShellScriptBuildPhase;
			buildActionMask = 2147483647;
			files = (
			);
			inputPaths = (
				"${PODS_PODFILE_DIR_PATH}/Podfile.lock",
				"${PODS_ROOT}/Manifest.lock",
			);
			name = "[CP] Check Pods Manifest.lock";
			outputPaths = (
				"$(DERIVED_FILE_DIR)/Pods-RTMVVM-Example-checkManifestLockResult.txt",
			);
			runOnlyForDeploymentPostprocessing = 0;
			shellPath = /bin/sh;
			shellScript = "diff \"${PODS_PODFILE_DIR_PATH}/Podfile.lock\" \"${PODS_ROOT}/Manifest.lock\" > /dev/null\nif [ $? != 0 ] ; then\n    # print error to STDERR\n    echo \"error: The sandbox is not in sync with the Podfile.lock. Run 'pod install' or update your CocoaPods installation.\" >&2\n    exit 1\nfi\n# This output is used by Xcode 'outputs' to avoid re-running this script phase.\necho \"SUCCESS\" > \"${SCRIPT_OUTPUT_FILE_0}\"\n";
			showEnvVarsInLog = 0;
		};
		2A1465E1BF24E29F1F7F5E69 /* [CP] Embed Pods Frameworks */ = {
			isa = PBXShellScriptBuildPhase;
			buildActionMask = 2147483647;
			files = (
			);
			inputPaths = (
				"${PODS_ROOT}/Target Support Files/Pods-RTMVVM-Example/Pods-RTMVVM-Example-frameworks.sh",
				"${BUILT_PRODUCTS_DIR}/Dip/Dip.framework",
				"${BUILT_PRODUCTS_DIR}/RTMVVM/RTMVVM.framework",
				"${BUILT_PRODUCTS_DIR}/Realm/Realm.framework",
				"${BUILT_PRODUCTS_DIR}/RealmSwift/RealmSwift.framework",
			);
			name = "[CP] Embed Pods Frameworks";
			outputPaths = (
				"${TARGET_BUILD_DIR}/${FRAMEWORKS_FOLDER_PATH}/Dip.framework",
				"${TARGET_BUILD_DIR}/${FRAMEWORKS_FOLDER_PATH}/RTMVVM.framework",
				"${TARGET_BUILD_DIR}/${FRAMEWORKS_FOLDER_PATH}/Realm.framework",
				"${TARGET_BUILD_DIR}/${FRAMEWORKS_FOLDER_PATH}/RealmSwift.framework",
			);
			runOnlyForDeploymentPostprocessing = 0;
			shellPath = /bin/sh;
			shellScript = "\"${PODS_ROOT}/Target Support Files/Pods-RTMVVM-Example/Pods-RTMVVM-Example-frameworks.sh\"\n";
			showEnvVarsInLog = 0;
		};
/* End PBXShellScriptBuildPhase section */

/* Begin PBXSourcesBuildPhase section */
		EBB27A3E21F88571008BE752 /* Sources */ = {
			isa = PBXSourcesBuildPhase;
			buildActionMask = 2147483647;
			files = (
				EB01CD5421F9DC4D006D91BD /* UserViewModelFactory.swift in Sources */,
				EB01CD3E21F88981006D91BD /* TestEntityObject.swift in Sources */,
				EB01CD4421F89850006D91BD /* TestViewModelListFactory.swift in Sources */,
				EB01CD5221F9DC17006D91BD /* UserEntityViewModel.swift in Sources */,
				EB01CD4021F8898C006D91BD /* TestEntityViewModel.swift in Sources */,
				EB01CD4821F9BB6F006D91BD /* UserEntityItemController.swift in Sources */,
				EB01CD4621F8A0A2006D91BD /* TestEntityViewController.swift in Sources */,
				EBB27A4521F88571008BE752 /* AppDelegate.swift in Sources */,
				EB01CD4E21F9C5B3006D91BD /* UserEntityObject.swift in Sources */,
				EB05A88921FB0BF600D6882D /* AssemblyContainer.swift in Sources */,
			);
			runOnlyForDeploymentPostprocessing = 0;
		};
/* End PBXSourcesBuildPhase section */

/* Begin PBXVariantGroup section */
		EBB27A4821F88571008BE752 /* Main.storyboard */ = {
			isa = PBXVariantGroup;
			children = (
				EBB27A4921F88571008BE752 /* Base */,
			);
			name = Main.storyboard;
			sourceTree = "<group>";
		};
		EBB27A4D21F88572008BE752 /* LaunchScreen.storyboard */ = {
			isa = PBXVariantGroup;
			children = (
				EBB27A4E21F88572008BE752 /* Base */,
			);
			name = LaunchScreen.storyboard;
			sourceTree = "<group>";
		};
/* End PBXVariantGroup section */

/* Begin XCBuildConfiguration section */
		607FACED1AFB9204008FA782 /* Debug */ = {
			isa = XCBuildConfiguration;
			buildSettings = {
				ALWAYS_SEARCH_USER_PATHS = NO;
				CLANG_ANALYZER_LOCALIZABILITY_NONLOCALIZED = YES;
				CLANG_CXX_LANGUAGE_STANDARD = "gnu++0x";
				CLANG_CXX_LIBRARY = "libc++";
				CLANG_ENABLE_MODULES = YES;
				CLANG_ENABLE_OBJC_ARC = YES;
				CLANG_WARN_BLOCK_CAPTURE_AUTORELEASING = YES;
				CLANG_WARN_BOOL_CONVERSION = YES;
				CLANG_WARN_COMMA = YES;
				CLANG_WARN_CONSTANT_CONVERSION = YES;
				CLANG_WARN_DEPRECATED_OBJC_IMPLEMENTATIONS = YES;
				CLANG_WARN_DIRECT_OBJC_ISA_USAGE = YES_ERROR;
				CLANG_WARN_EMPTY_BODY = YES;
				CLANG_WARN_ENUM_CONVERSION = YES;
				CLANG_WARN_INFINITE_RECURSION = YES;
				CLANG_WARN_INT_CONVERSION = YES;
				CLANG_WARN_NON_LITERAL_NULL_CONVERSION = YES;
				CLANG_WARN_OBJC_IMPLICIT_RETAIN_SELF = YES;
				CLANG_WARN_OBJC_LITERAL_CONVERSION = YES;
				CLANG_WARN_OBJC_ROOT_CLASS = YES_ERROR;
				CLANG_WARN_RANGE_LOOP_ANALYSIS = YES;
				CLANG_WARN_STRICT_PROTOTYPES = YES;
				CLANG_WARN_SUSPICIOUS_MOVE = YES;
				CLANG_WARN_UNREACHABLE_CODE = YES;
				CLANG_WARN__DUPLICATE_METHOD_MATCH = YES;
				"CODE_SIGN_IDENTITY[sdk=iphoneos*]" = "iPhone Developer";
				COPY_PHASE_STRIP = NO;
				DEBUG_INFORMATION_FORMAT = "dwarf-with-dsym";
				ENABLE_STRICT_OBJC_MSGSEND = YES;
				ENABLE_TESTABILITY = YES;
				GCC_C_LANGUAGE_STANDARD = gnu99;
				GCC_DYNAMIC_NO_PIC = NO;
				GCC_NO_COMMON_BLOCKS = YES;
				GCC_OPTIMIZATION_LEVEL = 0;
				GCC_PREPROCESSOR_DEFINITIONS = (
					"DEBUG=1",
					"$(inherited)",
				);
				GCC_SYMBOLS_PRIVATE_EXTERN = NO;
				GCC_WARN_64_TO_32_BIT_CONVERSION = YES;
				GCC_WARN_ABOUT_RETURN_TYPE = YES_ERROR;
				GCC_WARN_UNDECLARED_SELECTOR = YES;
				GCC_WARN_UNINITIALIZED_AUTOS = YES_AGGRESSIVE;
				GCC_WARN_UNUSED_FUNCTION = YES;
				GCC_WARN_UNUSED_VARIABLE = YES;
				IPHONEOS_DEPLOYMENT_TARGET = 10.3;
				MTL_ENABLE_DEBUG_INFO = YES;
				ONLY_ACTIVE_ARCH = YES;
				SDKROOT = iphoneos;
				SWIFT_OPTIMIZATION_LEVEL = "-Onone";
				SWIFT_VERSION = 4.2;
			};
			name = Debug;
		};
		607FACEE1AFB9204008FA782 /* Release */ = {
			isa = XCBuildConfiguration;
			buildSettings = {
				ALWAYS_SEARCH_USER_PATHS = NO;
				CLANG_ANALYZER_LOCALIZABILITY_NONLOCALIZED = YES;
				CLANG_CXX_LANGUAGE_STANDARD = "gnu++0x";
				CLANG_CXX_LIBRARY = "libc++";
				CLANG_ENABLE_MODULES = YES;
				CLANG_ENABLE_OBJC_ARC = YES;
				CLANG_WARN_BLOCK_CAPTURE_AUTORELEASING = YES;
				CLANG_WARN_BOOL_CONVERSION = YES;
				CLANG_WARN_COMMA = YES;
				CLANG_WARN_CONSTANT_CONVERSION = YES;
				CLANG_WARN_DEPRECATED_OBJC_IMPLEMENTATIONS = YES;
				CLANG_WARN_DIRECT_OBJC_ISA_USAGE = YES_ERROR;
				CLANG_WARN_EMPTY_BODY = YES;
				CLANG_WARN_ENUM_CONVERSION = YES;
				CLANG_WARN_INFINITE_RECURSION = YES;
				CLANG_WARN_INT_CONVERSION = YES;
				CLANG_WARN_NON_LITERAL_NULL_CONVERSION = YES;
				CLANG_WARN_OBJC_IMPLICIT_RETAIN_SELF = YES;
				CLANG_WARN_OBJC_LITERAL_CONVERSION = YES;
				CLANG_WARN_OBJC_ROOT_CLASS = YES_ERROR;
				CLANG_WARN_RANGE_LOOP_ANALYSIS = YES;
				CLANG_WARN_STRICT_PROTOTYPES = YES;
				CLANG_WARN_SUSPICIOUS_MOVE = YES;
				CLANG_WARN_UNREACHABLE_CODE = YES;
				CLANG_WARN__DUPLICATE_METHOD_MATCH = YES;
				"CODE_SIGN_IDENTITY[sdk=iphoneos*]" = "iPhone Developer";
				COPY_PHASE_STRIP = NO;
				DEBUG_INFORMATION_FORMAT = "dwarf-with-dsym";
				ENABLE_NS_ASSERTIONS = NO;
				ENABLE_STRICT_OBJC_MSGSEND = YES;
				GCC_C_LANGUAGE_STANDARD = gnu99;
				GCC_NO_COMMON_BLOCKS = YES;
				GCC_WARN_64_TO_32_BIT_CONVERSION = YES;
				GCC_WARN_ABOUT_RETURN_TYPE = YES_ERROR;
				GCC_WARN_UNDECLARED_SELECTOR = YES;
				GCC_WARN_UNINITIALIZED_AUTOS = YES_AGGRESSIVE;
				GCC_WARN_UNUSED_FUNCTION = YES;
				GCC_WARN_UNUSED_VARIABLE = YES;
				IPHONEOS_DEPLOYMENT_TARGET = 10.3;
				MTL_ENABLE_DEBUG_INFO = NO;
				SDKROOT = iphoneos;
				SWIFT_OPTIMIZATION_LEVEL = "-Owholemodule";
				SWIFT_VERSION = 4.2;
				VALIDATE_PRODUCT = YES;
			};
			name = Release;
		};
		EBB27A5221F88572008BE752 /* Debug */ = {
			isa = XCBuildConfiguration;
			baseConfigurationReference = C9763BE0FFE8C48442280D9A /* Pods-RTMVVM-Example.debug.xcconfig */;
			buildSettings = {
				ASSETCATALOG_COMPILER_APPICON_NAME = AppIcon;
				CLANG_ANALYZER_NONNULL = YES;
				CLANG_ANALYZER_NUMBER_OBJECT_CONVERSION = YES_AGGRESSIVE;
				CLANG_CXX_LANGUAGE_STANDARD = "gnu++14";
				CLANG_ENABLE_OBJC_WEAK = YES;
				CLANG_WARN_DOCUMENTATION_COMMENTS = YES;
				CLANG_WARN_UNGUARDED_AVAILABILITY = YES_AGGRESSIVE;
				CODE_SIGN_IDENTITY = "iPhone Developer";
				CODE_SIGN_STYLE = Automatic;
				DEBUG_INFORMATION_FORMAT = dwarf;
				GCC_C_LANGUAGE_STANDARD = gnu11;
				INFOPLIST_FILE = rtmvvm/Info.plist;
				IPHONEOS_DEPLOYMENT_TARGET = 10.3;
				LD_RUNPATH_SEARCH_PATHS = "$(inherited) @executable_path/Frameworks";
				MTL_ENABLE_DEBUG_INFO = INCLUDE_SOURCE;
				MTL_FAST_MATH = YES;
				PRODUCT_BUNDLE_IDENTIFIER = ru.rentateam.rtmvvm;
				PRODUCT_NAME = "$(TARGET_NAME)";
				SWIFT_ACTIVE_COMPILATION_CONDITIONS = DEBUG;
				SWIFT_VERSION = 5.0;
				TARGETED_DEVICE_FAMILY = "1,2";
			};
			name = Debug;
		};
		EBB27A5321F88572008BE752 /* Release */ = {
			isa = XCBuildConfiguration;
			baseConfigurationReference = 2052BA9ED3E2667B3CEE8902 /* Pods-RTMVVM-Example.release.xcconfig */;
			buildSettings = {
				ASSETCATALOG_COMPILER_APPICON_NAME = AppIcon;
				CLANG_ANALYZER_NONNULL = YES;
				CLANG_ANALYZER_NUMBER_OBJECT_CONVERSION = YES_AGGRESSIVE;
				CLANG_CXX_LANGUAGE_STANDARD = "gnu++14";
				CLANG_ENABLE_OBJC_WEAK = YES;
				CLANG_WARN_DOCUMENTATION_COMMENTS = YES;
				CLANG_WARN_UNGUARDED_AVAILABILITY = YES_AGGRESSIVE;
				CODE_SIGN_IDENTITY = "iPhone Developer";
				CODE_SIGN_STYLE = Automatic;
				GCC_C_LANGUAGE_STANDARD = gnu11;
				INFOPLIST_FILE = rtmvvm/Info.plist;
				IPHONEOS_DEPLOYMENT_TARGET = 10.3;
				LD_RUNPATH_SEARCH_PATHS = "$(inherited) @executable_path/Frameworks";
				MTL_FAST_MATH = YES;
				PRODUCT_BUNDLE_IDENTIFIER = ru.rentateam.rtmvvm;
				PRODUCT_NAME = "$(TARGET_NAME)";
				SWIFT_VERSION = 5.0;
				TARGETED_DEVICE_FAMILY = "1,2";
			};
			name = Release;
		};
/* End XCBuildConfiguration section */

/* Begin XCConfigurationList section */
		607FACCB1AFB9204008FA782 /* Build configuration list for PBXProject "RTMVVM-Example" */ = {
			isa = XCConfigurationList;
			buildConfigurations = (
				607FACED1AFB9204008FA782 /* Debug */,
				607FACEE1AFB9204008FA782 /* Release */,
			);
			defaultConfigurationIsVisible = 0;
			defaultConfigurationName = Release;
		};
		EBB27A5121F88572008BE752 /* Build configuration list for PBXNativeTarget "RTMVVM-Example" */ = {
			isa = XCConfigurationList;
			buildConfigurations = (
				EBB27A5221F88572008BE752 /* Debug */,
				EBB27A5321F88572008BE752 /* Release */,
			);
			defaultConfigurationIsVisible = 0;
			defaultConfigurationName = Release;
		};
/* End XCConfigurationList section */
	};
	rootObject = 607FACC81AFB9204008FA782 /* Project object */;
}
